
Microsoft Visual Studio Solution File, Format Version 10.00
# Visual Studio 2008
Project("{8BC9CEB8-8B4A-11D0-8D11-00A0C91BC942}") = "IpMonitor", "IpMonitor\IpMonitor.vcproj", "{76860A78-0A14-4EB3-A4DE-155C43440EEF}"
EndProject
Global
	GlobalSection(SolutionConfigurationPlatforms) = preSolution
		Debug|Win32 = Debug|Win32
		Release|Win32 = Release|Win32
	EndGlobalSection
	GlobalSection(ProjectConfigurationPlatforms) = postSolution
		{76860A78-0A14-4EB3-A4DE-155C43440EEF}.Debug|Win32.ActiveCfg = Debug|Win32
		{76860A78-0A14-4EB3-A4DE-155C43440EEF}.Debug|Win32.Build.0 = Debug|Win32
		{76860A78-0A14-4EB3-A4DE-155C43440EEF}.Release|Win32.ActiveCfg = Release|Win32
		{76860A78-0A14-4EB3-A4DE-155C43440EEF}.Release|Win32.Build.0 = Release|Win32
	EndGlobalSection
	GlobalSection(SolutionProperties) = preSolution
		HideSolutionNode = FALSE
	EndGlobalSection
EndGlobal
